
Microsoft Visual Studio Solution File, Format Version 12.00
Project("{FAE04EC0-301F-11D3-BF4B-00C04F79EFBC}") = "API", "API\API.csproj", "{AB8FCBA0-6389-4B7A-A96B-81A2B8AC904D}"
EndProject
Project("{FAE04EC0-301F-11D3-BF4B-00C04F79EFBC}") = "Core", "Core\Core.csproj", "{8E2C5994-6C31-495E-9B70-642A7D572135}"
EndProject
Project("{FAE04EC0-301F-11D3-BF4B-00C04F79EFBC}") = "Infrastructure", "Infrastructure\Infrastructure.csproj", "{313E20A4-0CB3-477D-808E-6BE7F011E3E5}"
EndProject
Project("{2150E333-8FDC-42A3-9474-1A3956D46DE8}") = "Solution Items", "Solution Items", "{6F452D85-A2F0-4BC0-96B6-8E9F9A8E9937}"
	ProjectSection(SolutionItems) = preProject
		docker-compose.yml = docker-compose.yml
		docker-compose.override.yml = docker-compose.override.yml
	EndProjectSection
EndProject
Global
	GlobalSection(SolutionConfigurationPlatforms) = preSolution
		Debug|Any CPU = Debug|Any CPU
		Release|Any CPU = Release|Any CPU
	EndGlobalSection
	GlobalSection(ProjectConfigurationPlatforms) = postSolution
		{AB8FCBA0-6389-4B7A-A96B-81A2B8AC904D}.Debug|Any CPU.ActiveCfg = Debug|Any CPU
		{AB8FCBA0-6389-4B7A-A96B-81A2B8AC904D}.Debug|Any CPU.Build.0 = Debug|Any CPU
		{AB8FCBA0-6389-4B7A-A96B-81A2B8AC904D}.Release|Any CPU.ActiveCfg = Release|Any CPU
		{AB8FCBA0-6389-4B7A-A96B-81A2B8AC904D}.Release|Any CPU.Build.0 = Release|Any CPU
		{8E2C5994-6C31-495E-9B70-642A7D572135}.Debug|Any CPU.ActiveCfg = Debug|Any CPU
		{8E2C5994-6C31-495E-9B70-642A7D572135}.Debug|Any CPU.Build.0 = Debug|Any CPU
		{8E2C5994-6C31-495E-9B70-642A7D572135}.Release|Any CPU.ActiveCfg = Release|Any CPU
		{8E2C5994-6C31-495E-9B70-642A7D572135}.Release|Any CPU.Build.0 = Release|Any CPU
		{313E20A4-0CB3-477D-808E-6BE7F011E3E5}.Debug|Any CPU.ActiveCfg = Debug|Any CPU
		{313E20A4-0CB3-477D-808E-6BE7F011E3E5}.Debug|Any CPU.Build.0 = Debug|Any CPU
		{313E20A4-0CB3-477D-808E-6BE7F011E3E5}.Release|Any CPU.ActiveCfg = Release|Any CPU
		{313E20A4-0CB3-477D-808E-6BE7F011E3E5}.Release|Any CPU.Build.0 = Release|Any CPU
	EndGlobalSection
EndGlobal
